
Microsoft Visual Studio Solution File, Format Version 12.00
# Visual Studio Version 16
VisualStudioVersion = 25.0.1706.4
MinimumVisualStudioVersion = 10.0.40219.1
Project("{FAE04EC0-301F-11D3-BF4B-00C04F79EFBC}") = "ShoppingWebApi", "ShoppingWebApi\ShoppingWebApi.csproj", "{79424069-D285-4323-8B0F-2EE0B1F3DA3A}"
EndProject
Global
	GlobalSection(SolutionConfigurationPlatforms) = preSolution
		Debug|Any CPU = Debug|Any CPU
		Release|Any CPU = Release|Any CPU
	EndGlobalSection
	GlobalSection(ProjectConfigurationPlatforms) = postSolution
		{79424069-D285-4323-8B0F-2EE0B1F3DA3A}.Debug|Any CPU.ActiveCfg = Debug|Any CPU
		{79424069-D285-4323-8B0F-2EE0B1F3DA3A}.Debug|Any CPU.Build.0 = Debug|Any CPU
		{79424069-D285-4323-8B0F-2EE0B1F3DA3A}.Release|Any CPU.ActiveCfg = Release|Any CPU
		{79424069-D285-4323-8B0F-2EE0B1F3DA3A}.Release|Any CPU.Build.0 = Release|Any CPU
	EndGlobalSection
	GlobalSection(SolutionProperties) = preSolution
		HideSolutionNode = FALSE
	EndGlobalSection
	GlobalSection(ExtensibilityGlobals) = postSolution
		SolutionGuid = {AC924353-BF8A-4BC2-A788-E737F60ABE1A}
	EndGlobalSection
EndGlobal
